# Generated from the pinned Python base on 2026-08-15. Every distribution is
# exact and hash checked; both amd64 and arm64 wheels are admitted where needed.
oletools==0.60.2 \
    --hash=sha256:72ad8bd748fd0c4e7b5b4733af770d11543ebb2bf2697455f99f975fcd50cc96
colorclass==2.2.2 \
    --hash=sha256:6f10c273a0ef7a1150b1120b6095cbdd68e5cf36dfd5d0fc957a2500bbf99a55
easygui==0.98.3 \
    --hash=sha256:33498710c68b5376b459cd3fc48d1d1f33822139eb3ed01defbc0528326da3ba
msoffcrypto-tool==6.0.0 \
    --hash=sha256:46c394ed5d9641e802fc79bf3fb0666a53748b23fa8c4aa634ae9d30d46fe397
olefile==0.47 \
    --hash=sha256:543c7da2a7adadf21214938bb79c83ea12b473a4b6ee4ad4bf854e7715e13d1f
pcodedmp==1.2.6 \
    --hash=sha256:4441f7c0ab4cbda27bd4668db3b14f36261d86e5059ce06c0828602cbe1c4278
pyparsing==3.3.2 \
    --hash=sha256:850ba148bd908d7e2411587e247a1e4f0327839c40e2e5e6d05a007ecc69911d
cryptography==50.0.0 \
    --hash=sha256:82148ec5bddac30b51a5b3c1945075f896fa022cb93f8e4a01e9f6ee95292c5f \
    --hash=sha256:fd9192b7b70c573d7f214eb1ae35e00d359f6f5e4b27c7e21e30de1fc6204645
cffi==2.1.1 \
    --hash=sha256:a931079504ecc49efed7744c476a5c343a92fabf66dec2db95edb1b2fdc770e2 \
    --hash=sha256:f16c709686a78c727bbbf059f92b0bf41c6fc60deec706d2dc19f529175a6125
pycparser==3.0 \
    --hash=sha256:b727414169a36b7d524c1c3e31839a521725078d7b2ff038656844266160a992
